
Microsoft Visual Studio Solution File, Format Version 12.00
# Visual Studio Version 17
VisualStudioVersion = 17.9.34728.123
MinimumVisualStudioVersion = 10.0.40219.1
Project("{FAE04EC0-301F-11D3-BF4B-00C04F79EFBC}") = "Number guessing Game", "Number guessing Game\Number guessing Game.csproj", "{CCAADBBA-07FF-4370-8A59-515FEA7873CA}"
EndProject
Global
	GlobalSection(SolutionConfigurationPlatforms) = preSolution
		Debug|Any CPU = Debug|Any CPU
		Release|Any CPU = Release|Any CPU
	EndGlobalSection
	GlobalSection(ProjectConfigurationPlatforms) = postSolution
		{CCAADBBA-07FF-4370-8A59-515FEA7873CA}.Debug|Any CPU.ActiveCfg = Debug|Any CPU
		{CCAADBBA-07FF-4370-8A59-515FEA7873CA}.Debug|Any CPU.Build.0 = Debug|Any CPU
		{CCAADBBA-07FF-4370-8A59-515FEA7873CA}.Release|Any CPU.ActiveCfg = Release|Any CPU
		{CCAADBBA-07FF-4370-8A59-515FEA7873CA}.Release|Any CPU.Build.0 = Release|Any CPU
	EndGlobalSection
	GlobalSection(SolutionProperties) = preSolution
		HideSolutionNode = FALSE
	EndGlobalSection
	GlobalSection(ExtensibilityGlobals) = postSolution
		SolutionGuid = {D185883B-B1E9-4210-B945-8E6BE3D296EA}
	EndGlobalSection
EndGlobal
